
Microsoft Visual Studio Solution File, Format Version 12.00
# Visual Studio Version 16
VisualStudioVersion = 16.0.31911.196
MinimumVisualStudioVersion = 10.0.40219.1
Project("{9A19103F-16F7-4668-BE54-9A1E7A4F7556}") = "GestionProjet", "GestionProjet.csproj", "{3225262E-133D-4190-AF47-34080E29F4C0}"
EndProject
Project("{54435603-DBB4-11D2-8724-00A0C9A8B90C}") = "Setup2", "..\Setup2\Setup2.vdproj", "{0E38BA74-0F1A-41B6-BCD5-93D15A677369}"
EndProject
Global
	GlobalSection(SolutionConfigurationPlatforms) = preSolution
		Debug|Any CPU = Debug|Any CPU
		Release|Any CPU = Release|Any CPU
	EndGlobalSection
	GlobalSection(ProjectConfigurationPlatforms) = postSolution
		{3225262E-133D-4190-AF47-34080E29F4C0}.Debug|Any CPU.ActiveCfg = Release|Any CPU
		{3225262E-133D-4190-AF47-34080E29F4C0}.Debug|Any CPU.Build.0 = Release|Any CPU
		{3225262E-133D-4190-AF47-34080E29F4C0}.Release|Any CPU.ActiveCfg = Release|Any CPU
		{3225262E-133D-4190-AF47-34080E29F4C0}.Release|Any CPU.Build.0 = Release|Any CPU
		{0E38BA74-0F1A-41B6-BCD5-93D15A677369}.Debug|Any CPU.ActiveCfg = Debug
		{0E38BA74-0F1A-41B6-BCD5-93D15A677369}.Release|Any CPU.ActiveCfg = Release
	EndGlobalSection
	GlobalSection(SolutionProperties) = preSolution
		HideSolutionNode = FALSE
	EndGlobalSection
	GlobalSection(ExtensibilityGlobals) = postSolution
		SolutionGuid = {B30CFD8E-8CE3-4EFB-B9E2-4FD2F4EB6AD5}
	EndGlobalSection
EndGlobal
