
Microsoft Visual Studio Solution File, Format Version 12.00
# Visual Studio Version 16
VisualStudioVersion = 16.0.31911.196
MinimumVisualStudioVersion = 10.0.40219.1
Project("{FAE04EC0-301F-11D3-BF4B-00C04F79EFBC}") = "Cinema", "Cinema\Cinema.csproj", "{AA7AA711-F7AB-4F23-9577-1C42D8FBE9E1}"
EndProject
Global
	GlobalSection(SolutionConfigurationPlatforms) = preSolution
		Debug|Any CPU = Debug|Any CPU
		Release|Any CPU = Release|Any CPU
	EndGlobalSection
	GlobalSection(ProjectConfigurationPlatforms) = postSolution
		{AA7AA711-F7AB-4F23-9577-1C42D8FBE9E1}.Debug|Any CPU.ActiveCfg = Debug|Any CPU
		{AA7AA711-F7AB-4F23-9577-1C42D8FBE9E1}.Debug|Any CPU.Build.0 = Debug|Any CPU
		{AA7AA711-F7AB-4F23-9577-1C42D8FBE9E1}.Release|Any CPU.ActiveCfg = Release|Any CPU
		{AA7AA711-F7AB-4F23-9577-1C42D8FBE9E1}.Release|Any CPU.Build.0 = Release|Any CPU
	EndGlobalSection
	GlobalSection(SolutionProperties) = preSolution
		HideSolutionNode = FALSE
	EndGlobalSection
	GlobalSection(ExtensibilityGlobals) = postSolution
		SolutionGuid = {3B71BC21-6B4A-4478-A169-A73F08E6758F}
	EndGlobalSection
EndGlobal
