
Microsoft Visual Studio Solution File, Format Version 12.00
# Visual Studio Version 16
VisualStudioVersion = 16.0.31729.503
MinimumVisualStudioVersion = 10.0.40219.1
Project("{FAE04EC0-301F-11D3-BF4B-00C04F79EFBC}") = "Exercice_6", "Exercice_6\Exercice_6.csproj", "{D244C4A5-00F2-44F7-8F98-A4A682AF7008}"
EndProject
Global
	GlobalSection(SolutionConfigurationPlatforms) = preSolution
		Debug|Any CPU = Debug|Any CPU
		Release|Any CPU = Release|Any CPU
	EndGlobalSection
	GlobalSection(ProjectConfigurationPlatforms) = postSolution
		{D244C4A5-00F2-44F7-8F98-A4A682AF7008}.Debug|Any CPU.ActiveCfg = Debug|Any CPU
		{D244C4A5-00F2-44F7-8F98-A4A682AF7008}.Debug|Any CPU.Build.0 = Debug|Any CPU
		{D244C4A5-00F2-44F7-8F98-A4A682AF7008}.Release|Any CPU.ActiveCfg = Release|Any CPU
		{D244C4A5-00F2-44F7-8F98-A4A682AF7008}.Release|Any CPU.Build.0 = Release|Any CPU
	EndGlobalSection
	GlobalSection(SolutionProperties) = preSolution
		HideSolutionNode = FALSE
	EndGlobalSection
	GlobalSection(ExtensibilityGlobals) = postSolution
		SolutionGuid = {80094A7D-C007-404D-9A9A-458122E4D206}
	EndGlobalSection
EndGlobal
