
Microsoft Visual Studio Solution File, Format Version 12.00
# Visual Studio Version 16
VisualStudioVersion = 16.0.31911.196
MinimumVisualStudioVersion = 10.0.40219.1
Project("{FAE04EC0-301F-11D3-BF4B-00C04F79EFBC}") = "WpfApp1", "WpfApp1.csproj", "{B9F2444A-F962-42B1-9B12-E1757F059DDE}"
EndProject
Global
	GlobalSection(SolutionConfigurationPlatforms) = preSolution
		Debug|Any CPU = Debug|Any CPU
		Release|Any CPU = Release|Any CPU
	EndGlobalSection
	GlobalSection(ProjectConfigurationPlatforms) = postSolution
		{B9F2444A-F962-42B1-9B12-E1757F059DDE}.Debug|Any CPU.ActiveCfg = Debug|Any CPU
		{B9F2444A-F962-42B1-9B12-E1757F059DDE}.Debug|Any CPU.Build.0 = Debug|Any CPU
		{B9F2444A-F962-42B1-9B12-E1757F059DDE}.Release|Any CPU.ActiveCfg = Release|Any CPU
		{B9F2444A-F962-42B1-9B12-E1757F059DDE}.Release|Any CPU.Build.0 = Release|Any CPU
	EndGlobalSection
	GlobalSection(SolutionProperties) = preSolution
		HideSolutionNode = FALSE
	EndGlobalSection
	GlobalSection(ExtensibilityGlobals) = postSolution
		SolutionGuid = {60E085E6-3DC3-4BFA-B7FD-BDBC334077DC}
	EndGlobalSection
EndGlobal
